// !$*UTF8*$!
{
	archiveVersion = 1;
	classes = {
	};
	objectVersion = 46;
	objects = {

/* Begin PBXBuildFile section */
		1C74AEAE16543950007728FE /* ViewController.m in Sources */ = {isa = PBXBuildFile; fileRef = 1C74AE9F16543950007728FE /* ViewController.m */; };
		1C74AEAF16543950007728FE /* ViewController.xib in Resources */ = {isa = PBXBuildFile; fileRef = 1C74AEA016543950007728FE /* ViewController.xib */; };
		1C90D8B51655611300843B11 /* CyworldNoteDeleteArticleViewController.m in Sources */ = {isa = PBXBuildFile; fileRef = 1C90D8A41655611200843B11 /* CyworldNoteDeleteArticleViewController.m */; };
		1C90D8B61655611300843B11 /* CyworldNoteDeleteArticleViewController.xib in Resources */ = {isa = PBXBuildFile; fileRef = 1C90D8A51655611200843B11 /* CyworldNoteDeleteArticleViewController.xib */; };
		1C90D8B71655611300843B11 /* CyworldNoteUploadFileViewController.m in Sources */ = {isa = PBXBuildFile; fileRef = 1C90D8A71655611200843B11 /* CyworldNoteUploadFileViewController.m */; };
		1C90D8B81655611300843B11 /* CyworldNoteUploadFileViewController.xib in Resources */ = {isa = PBXBuildFile; fileRef = 1C90D8A81655611200843B11 /* CyworldNoteUploadFileViewController.xib */; };
		1C90D8B91655611300843B11 /* CyworldNoteWriteArticleViewController.m in Sources */ = {isa = PBXBuildFile; fileRef = 1C90D8AA1655611200843B11 /* CyworldNoteWriteArticleViewController.m */; };
		1C90D8BA1655611300843B11 /* CyworldNoteWriteArticleViewController.xib in Resources */ = {isa = PBXBuildFile; fileRef = 1C90D8AB1655611200843B11 /* CyworldNoteWriteArticleViewController.xib */; };
		1C90D8BB1655611300843B11 /* MelonNewSongsViewController.m in Sources */ = {isa = PBXBuildFile; fileRef = 1C90D8AD1655611200843B11 /* MelonNewSongsViewController.m */; };
		1C90D8BC1655611300843B11 /* MelonNewSongsViewController.xib in Resources */ = {isa = PBXBuildFile; fileRef = 1C90D8AE1655611200843B11 /* MelonNewSongsViewController.xib */; };
		1C90D8BD1655611300843B11 /* NateOnGetProfileViewController.m in Sources */ = {isa = PBXBuildFile; fileRef = 1C90D8B01655611200843B11 /* NateOnGetProfileViewController.m */; };
		1C90D8BE1655611300843B11 /* NateOnGetProfileViewController.xib in Resources */ = {isa = PBXBuildFile; fileRef = 1C90D8B11655611200843B11 /* NateOnGetProfileViewController.xib */; };
		1C90D8BF1655611300843B11 /* NateOnModProfileViewController.m in Sources */ = {isa = PBXBuildFile; fileRef = 1C90D8B31655611200843B11 /* NateOnModProfileViewController.m */; };
		1C90D8C01655611300843B11 /* NateOnModProfileViewController.xib in Resources */ = {isa = PBXBuildFile; fileRef = 1C90D8B41655611200843B11 /* NateOnModProfileViewController.xib */; };
		1C9255EB162194B5003A291C /* AppDelegate.m in Sources */ = {isa = PBXBuildFile; fileRef = 1C9255D7162194B4003A291C /* AppDelegate.m */; };
		712E7BA11695B24B00D2D4CB /* libSKPOP_SDK_OAUTH.a in Frameworks */ = {isa = PBXBuildFile; fileRef = 712E7B9F1695B24B00D2D4CB /* libSKPOP_SDK_OAUTH.a */; };
		712E7BA21695B24B00D2D4CB /* libSKPOP_SDK.a in Frameworks */ = {isa = PBXBuildFile; fileRef = 712E7BA01695B24B00D2D4CB /* libSKPOP_SDK.a */; };
		CE2684C115CBC6DD0030D17A /* UIKit.framework in Frameworks */ = {isa = PBXBuildFile; fileRef = CE2684C015CBC6DD0030D17A /* UIKit.framework */; };
		CE2684C315CBC6DD0030D17A /* Foundation.framework in Frameworks */ = {isa = PBXBuildFile; fileRef = CE2684C215CBC6DD0030D17A /* Foundation.framework */; };
		CE2684C515CBC6DD0030D17A /* CoreGraphics.framework in Frameworks */ = {isa = PBXBuildFile; fileRef = CE2684C415CBC6DD0030D17A /* CoreGraphics.framework */; };
		CE2684CB15CBC6DE0030D17A /* InfoPlist.strings in Resources */ = {isa = PBXBuildFile; fileRef = CE2684C915CBC6DD0030D17A /* InfoPlist.strings */; };
		CE2684CD15CBC6DE0030D17A /* main.m in Sources */ = {isa = PBXBuildFile; fileRef = CE2684CC15CBC6DE0030D17A /* main.m */; };
		CE26851A15CBC75A0030D17A /* SKPOPSDKSample-Info.plist in Resources */ = {isa = PBXBuildFile; fileRef = CE26850015CBC75A0030D17A /* SKPOPSDKSample-Info.plist */; };
/* End PBXBuildFile section */

/* Begin PBXFileReference section */
		1C74AE8E16543950007728FE /* Const.h */ = {isa = PBXFileReference; fileEncoding = 4; lastKnownFileType = sourcecode.c.h; path = Const.h; sourceTree = "<group>"; };
		1C74AE9E16543950007728FE /* ViewController.h */ = {isa = PBXFileReference; fileEncoding = 4; lastKnownFileType = sourcecode.c.h; path = ViewController.h; sourceTree = "<group>"; };
		1C74AE9F16543950007728FE /* ViewController.m */ = {isa = PBXFileReference; fileEncoding = 4; lastKnownFileType = sourcecode.c.objc; path = ViewController.m; sourceTree = "<group>"; };
		1C74AEA016543950007728FE /* ViewController.xib */ = {isa = PBXFileReference; fileEncoding = 4; lastKnownFileType = file.xib; path = ViewController.xib; sourceTree = "<group>"; };
		1C90D8A31655611200843B11 /* CyworldNoteDeleteArticleViewController.h */ = {isa = PBXFileReference; fileEncoding = 4; lastKnownFileType = sourcecode.c.h; path = CyworldNoteDeleteArticleViewController.h; sourceTree = "<group>"; };
		1C90D8A41655611200843B11 /* CyworldNoteDeleteArticleViewController.m */ = {isa = PBXFileReference; fileEncoding = 4; lastKnownFileType = sourcecode.c.objc; path = CyworldNoteDeleteArticleViewController.m; sourceTree = "<group>"; };
		1C90D8A51655611200843B11 /* CyworldNoteDeleteArticleViewController.xib */ = {isa = PBXFileReference; fileEncoding = 4; lastKnownFileType = file.xib; path = CyworldNoteDeleteArticleViewController.xib; sourceTree = "<group>"; };
		1C90D8A61655611200843B11 /* CyworldNoteUploadFileViewController.h */ = {isa = PBXFileReference; fileEncoding = 4; lastKnownFileType = sourcecode.c.h; path = CyworldNoteUploadFileViewController.h; sourceTree = "<group>"; };
		1C90D8A71655611200843B11 /* CyworldNoteUploadFileViewController.m */ = {isa = PBXFileReference; fileEncoding = 4; lastKnownFileType = sourcecode.c.objc; path = CyworldNoteUploadFileViewController.m; sourceTree = "<group>"; };
		1C90D8A81655611200843B11 /* CyworldNoteUploadFileViewController.xib */ = {isa = PBXFileReference; fileEncoding = 4; lastKnownFileType = file.xib; path = CyworldNoteUploadFileViewController.xib; sourceTree = "<group>"; };
		1C90D8A91655611200843B11 /* CyworldNoteWriteArticleViewController.h */ = {isa = PBXFileReference; fileEncoding = 4; lastKnownFileType = sourcecode.c.h; path = CyworldNoteWriteArticleViewController.h; sourceTree = "<group>"; };
		1C90D8AA1655611200843B11 /* CyworldNoteWriteArticleViewController.m */ = {isa = PBXFileReference; fileEncoding = 4; lastKnownFileType = sourcecode.c.objc; path = CyworldNoteWriteArticleViewController.m; sourceTree = "<group>"; };
		1C90D8AB1655611200843B11 /* CyworldNoteWriteArticleViewController.xib */ = {isa = PBXFileReference; fileEncoding = 4; lastKnownFileType = file.xib; path = CyworldNoteWriteArticleViewController.xib; sourceTree = "<group>"; };
		1C90D8AC1655611200843B11 /* MelonNewSongsViewController.h */ = {isa = PBXFileReference; fileEncoding = 4; lastKnownFileType = sourcecode.c.h; path = MelonNewSongsViewController.h; sourceTree = "<group>"; };
		1C90D8AD1655611200843B11 /* MelonNewSongsViewController.m */ = {isa = PBXFileReference; fileEncoding = 4; lastKnownFileType = sourcecode.c.objc; path = MelonNewSongsViewController.m; sourceTree = "<group>"; };
		1C90D8AE1655611200843B11 /* MelonNewSongsViewController.xib */ = {isa = PBXFileReference; fileEncoding = 4; lastKnownFileType = file.xib; path = MelonNewSongsViewController.xib; sourceTree = "<group>"; };
		1C90D8AF1655611200843B11 /* NateOnGetProfileViewController.h */ = {isa = PBXFileReference; fileEncoding = 4; lastKnownFileType = sourcecode.c.h; path = NateOnGetProfileViewController.h; sourceTree = "<group>"; };
		1C90D8B01655611200843B11 /* NateOnGetProfileViewController.m */ = {isa = PBXFileReference; fileEncoding = 4; lastKnownFileType = sourcecode.c.objc; path = NateOnGetProfileViewController.m; sourceTree = "<group>"; };
		1C90D8B11655611200843B11 /* NateOnGetProfileViewController.xib */ = {isa = PBXFileReference; fileEncoding = 4; lastKnownFileType = file.xib; path = NateOnGetProfileViewController.xib; sourceTree = "<group>"; };
		1C90D8B21655611200843B11 /* NateOnModProfileViewController.h */ = {isa = PBXFileReference; fileEncoding = 4; lastKnownFileType = sourcecode.c.h; path = NateOnModProfileViewController.h; sourceTree = "<group>"; };
		1C90D8B31655611200843B11 /* NateOnModProfileViewController.m */ = {isa = PBXFileReference; fileEncoding = 4; lastKnownFileType = sourcecode.c.objc; path = NateOnModProfileViewController.m; sourceTree = "<group>"; };
		1C90D8B41655611200843B11 /* NateOnModProfileViewController.xib */ = {isa = PBXFileReference; fileEncoding = 4; lastKnownFileType = file.xib; path = NateOnModProfileViewController.xib; sourceTree = "<group>"; };
		1C9255D6162194B4003A291C /* AppDelegate.h */ = {isa = PBXFileReference; fileEncoding = 4; lastKnownFileType = sourcecode.c.h; path = AppDelegate.h; sourceTree = "<group>"; };
		1C9255D7162194B4003A291C /* AppDelegate.m */ = {isa = PBXFileReference; fileEncoding = 4; lastKnownFileType = sourcecode.c.objc; path = AppDelegate.m; sourceTree = "<group>"; };
		712E7B9F1695B24B00D2D4CB /* libSKPOP_SDK_OAUTH.a */ = {isa = PBXFileReference; lastKnownFileType = archive.ar; name = libSKPOP_SDK_OAUTH.a; path = "../SKPOP_SDK_OAUTH/build/Release-iphoneos/libSKPOP_SDK_OAUTH.a"; sourceTree = "<group>"; };
		712E7BA01695B24B00D2D4CB /* libSKPOP_SDK.a */ = {isa = PBXFileReference; lastKnownFileType = archive.ar; name = libSKPOP_SDK.a; path = "../SKPOP_SDK/build/Release-iphoneos/libSKPOP_SDK.a"; sourceTree = "<group>"; };
		CE2684BC15CBC6DD0030D17A /* SKPlanetTest.app */ = {isa = PBXFileReference; explicitFileType = wrapper.application; includeInIndex = 0; path = SKPlanetTest.app; sourceTree = BUILT_PRODUCTS_DIR; };
		CE2684C015CBC6DD0030D17A /* UIKit.framework */ = {isa = PBXFileReference; lastKnownFileType = wrapper.framework; name = UIKit.framework; path = System/Library/Frameworks/UIKit.framework; sourceTree = SDKROOT; };
		CE2684C215CBC6DD0030D17A /* Foundation.framework */ = {isa = PBXFileReference; lastKnownFileType = wrapper.framework; name = Foundation.framework; path = System/Library/Frameworks/Foundation.framework; sourceTree = SDKROOT; };
		CE2684C415CBC6DD0030D17A /* CoreGraphics.framework */ = {isa = PBXFileReference; lastKnownFileType = wrapper.framework; name = CoreGraphics.framework; path = System/Library/Frameworks/CoreGraphics.framework; sourceTree = SDKROOT; };
		CE2684C815CBC6DD0030D17A /* SKPlanetTest-Info.plist */ = {isa = PBXFileReference; lastKnownFileType = text.plist.xml; path = "SKPlanetTest-Info.plist"; sourceTree = "<group>"; };
		CE2684CA15CBC6DD0030D17A /* en */ = {isa = PBXFileReference; lastKnownFileType = text.plist.strings; name = en; path = en.lproj/InfoPlist.strings; sourceTree = "<group>"; };
		CE2684CC15CBC6DE0030D17A /* main.m */ = {isa = PBXFileReference; lastKnownFileType = sourcecode.c.objc; path = main.m; sourceTree = "<group>"; };
		CE2684CE15CBC6DE0030D17A /* SKPlanetTest-Prefix.pch */ = {isa = PBXFileReference; lastKnownFileType = sourcecode.c.h; path = "SKPlanetTest-Prefix.pch"; sourceTree = "<group>"; };
		CE26850015CBC75A0030D17A /* SKPOPSDKSample-Info.plist */ = {isa = PBXFileReference; fileEncoding = 4; lastKnownFileType = text.plist.xml; path = "SKPOPSDKSample-Info.plist"; sourceTree = "<group>"; };
		CE26850115CBC75A0030D17A /* SKPOPSDKSample-Prefix.pch */ = {isa = PBXFileReference; fileEncoding = 4; lastKnownFileType = sourcecode.c.h; path = "SKPOPSDKSample-Prefix.pch"; sourceTree = "<group>"; };
/* End PBXFileReference section */

/* Begin PBXFrameworksBuildPhase section */
		CE2684B915CBC6DD0030D17A /* Frameworks */ = {
			isa = PBXFrameworksBuildPhase;
			buildActionMask = 2147483647;
			files = (
				712E7BA11695B24B00D2D4CB /* libSKPOP_SDK_OAUTH.a in Frameworks */,
				712E7BA21695B24B00D2D4CB /* libSKPOP_SDK.a in Frameworks */,
				CE2684C115CBC6DD0030D17A /* UIKit.framework in Frameworks */,
				CE2684C315CBC6DD0030D17A /* Foundation.framework in Frameworks */,
				CE2684C515CBC6DD0030D17A /* CoreGraphics.framework in Frameworks */,
			);
			runOnlyForDeploymentPostprocessing = 0;
		};
/* End PBXFrameworksBuildPhase section */

/* Begin PBXGroup section */
		1C74AE8D16543950007728FE /* Sample_Class */ = {
			isa = PBXGroup;
			children = (
				1C90D8A31655611200843B11 /* CyworldNoteDeleteArticleViewController.h */,
				1C90D8A41655611200843B11 /* CyworldNoteDeleteArticleViewController.m */,
				1C90D8A51655611200843B11 /* CyworldNoteDeleteArticleViewController.xib */,
				1C90D8A61655611200843B11 /* CyworldNoteUploadFileViewController.h */,
				1C90D8A71655611200843B11 /* CyworldNoteUploadFileViewController.m */,
				1C90D8A81655611200843B11 /* CyworldNoteUploadFileViewController.xib */,
				1C90D8A91655611200843B11 /* CyworldNoteWriteArticleViewController.h */,
				1C90D8AA1655611200843B11 /* CyworldNoteWriteArticleViewController.m */,
				1C90D8AB1655611200843B11 /* CyworldNoteWriteArticleViewController.xib */,
				1C90D8AC1655611200843B11 /* MelonNewSongsViewController.h */,
				1C90D8AD1655611200843B11 /* MelonNewSongsViewController.m */,
				1C90D8AE1655611200843B11 /* MelonNewSongsViewController.xib */,
				1C90D8AF1655611200843B11 /* NateOnGetProfileViewController.h */,
				1C90D8B01655611200843B11 /* NateOnGetProfileViewController.m */,
				1C90D8B11655611200843B11 /* NateOnGetProfileViewController.xib */,
				1C90D8B21655611200843B11 /* NateOnModProfileViewController.h */,
				1C90D8B31655611200843B11 /* NateOnModProfileViewController.m */,
				1C90D8B41655611200843B11 /* NateOnModProfileViewController.xib */,
				1C74AE8E16543950007728FE /* Const.h */,
				1C74AE9E16543950007728FE /* ViewController.h */,
				1C74AE9F16543950007728FE /* ViewController.m */,
				1C74AEA016543950007728FE /* ViewController.xib */,
			);
			path = Sample_Class;
			sourceTree = "<group>";
		};
		CE2684B115CBC6DD0030D17A = {
			isa = PBXGroup;
			children = (
				712E7B9F1695B24B00D2D4CB /* libSKPOP_SDK_OAUTH.a */,
				712E7BA01695B24B00D2D4CB /* libSKPOP_SDK.a */,
				CE2684C615CBC6DD0030D17A /* SKPlanetTest */,
				CE2684BF15CBC6DD0030D17A /* Frameworks */,
				CE2684BD15CBC6DD0030D17A /* Products */,
			);
			sourceTree = "<group>";
		};
		CE2684BD15CBC6DD0030D17A /* Products */ = {
			isa = PBXGroup;
			children = (
				CE2684BC15CBC6DD0030D17A /* SKPlanetTest.app */,
			);
			name = Products;
			sourceTree = "<group>";
		};
		CE2684BF15CBC6DD0030D17A /* Frameworks */ = {
			isa = PBXGroup;
			children = (
				CE2684C015CBC6DD0030D17A /* UIKit.framework */,
				CE2684C215CBC6DD0030D17A /* Foundation.framework */,
				CE2684C415CBC6DD0030D17A /* CoreGraphics.framework */,
			);
			name = Frameworks;
			sourceTree = "<group>";
		};
		CE2684C615CBC6DD0030D17A /* SKPlanetTest */ = {
			isa = PBXGroup;
			children = (
				1C74AE8D16543950007728FE /* Sample_Class */,
				1C9255D6162194B4003A291C /* AppDelegate.h */,
				1C9255D7162194B4003A291C /* AppDelegate.m */,
				CE26850015CBC75A0030D17A /* SKPOPSDKSample-Info.plist */,
				CE26850115CBC75A0030D17A /* SKPOPSDKSample-Prefix.pch */,
				CE2684C715CBC6DD0030D17A /* Supporting Files */,
			);
			path = SKPlanetTest;
			sourceTree = "<group>";
		};
		CE2684C715CBC6DD0030D17A /* Supporting Files */ = {
			isa = PBXGroup;
			children = (
				CE2684C815CBC6DD0030D17A /* SKPlanetTest-Info.plist */,
				CE2684C915CBC6DD0030D17A /* InfoPlist.strings */,
				CE2684CC15CBC6DE0030D17A /* main.m */,
				CE2684CE15CBC6DE0030D17A /* SKPlanetTest-Prefix.pch */,
			);
			name = "Supporting Files";
			sourceTree = "<group>";
		};
/* End PBXGroup section */

/* Begin PBXNativeTarget section */
		CE2684BB15CBC6DD0030D17A /* SKPlanetTest */ = {
			isa = PBXNativeTarget;
			buildConfigurationList = CE2684DA15CBC6DE0030D17A /* Build configuration list for PBXNativeTarget "SKPlanetTest" */;
			buildPhases = (
				CE2684B815CBC6DD0030D17A /* Sources */,
				CE2684B915CBC6DD0030D17A /* Frameworks */,
				CE2684BA15CBC6DD0030D17A /* Resources */,
			);
			buildRules = (
			);
			dependencies = (
			);
			name = SKPlanetTest;
			productName = SKPlanetTest;
			productReference = CE2684BC15CBC6DD0030D17A /* SKPlanetTest.app */;
			productType = "com.apple.product-type.application";
		};
/* End PBXNativeTarget section */

/* Begin PBXProject section */
		CE2684B315CBC6DD0030D17A /* Project object */ = {
			isa = PBXProject;
			attributes = {
				LastUpgradeCheck = 0430;
			};
			buildConfigurationList = CE2684B615CBC6DD0030D17A /* Build configuration list for PBXProject "SKPlanetTest" */;
			compatibilityVersion = "Xcode 3.2";
			developmentRegion = English;
			hasScannedForEncodings = 0;
			knownRegions = (
				en,
			);
			mainGroup = CE2684B115CBC6DD0030D17A;
			productRefGroup = CE2684BD15CBC6DD0030D17A /* Products */;
			projectDirPath = "";
			projectRoot = "";
			targets = (
				CE2684BB15CBC6DD0030D17A /* SKPlanetTest */,
			);
		};
/* End PBXProject section */

/* Begin PBXResourcesBuildPhase section */
		CE2684BA15CBC6DD0030D17A /* Resources */ = {
			isa = PBXResourcesBuildPhase;
			buildActionMask = 2147483647;
			files = (
				CE2684CB15CBC6DE0030D17A /* InfoPlist.strings in Resources */,
				CE26851A15CBC75A0030D17A /* SKPOPSDKSample-Info.plist in Resources */,
				1C74AEAF16543950007728FE /* ViewController.xib in Resources */,
				1C90D8B61655611300843B11 /* CyworldNoteDeleteArticleViewController.xib in Resources */,
				1C90D8B81655611300843B11 /* CyworldNoteUploadFileViewController.xib in Resources */,
				1C90D8BA1655611300843B11 /* CyworldNoteWriteArticleViewController.xib in Resources */,
				1C90D8BC1655611300843B11 /* MelonNewSongsViewController.xib in Resources */,
				1C90D8BE1655611300843B11 /* NateOnGetProfileViewController.xib in Resources */,
				1C90D8C01655611300843B11 /* NateOnModProfileViewController.xib in Resources */,
			);
			runOnlyForDeploymentPostprocessing = 0;
		};
/* End PBXResourcesBuildPhase section */

/* Begin PBXSourcesBuildPhase section */
		CE2684B815CBC6DD0030D17A /* Sources */ = {
			isa = PBXSourcesBuildPhase;
			buildActionMask = 2147483647;
			files = (
				CE2684CD15CBC6DE0030D17A /* main.m in Sources */,
				1C9255EB162194B5003A291C /* AppDelegate.m in Sources */,
				1C74AEAE16543950007728FE /* ViewController.m in Sources */,
				1C90D8B51655611300843B11 /* CyworldNoteDeleteArticleViewController.m in Sources */,
				1C90D8B71655611300843B11 /* CyworldNoteUploadFileViewController.m in Sources */,
				1C90D8B91655611300843B11 /* CyworldNoteWriteArticleViewController.m in Sources */,
				1C90D8BB1655611300843B11 /* MelonNewSongsViewController.m in Sources */,
				1C90D8BD1655611300843B11 /* NateOnGetProfileViewController.m in Sources */,
				1C90D8BF1655611300843B11 /* NateOnModProfileViewController.m in Sources */,
			);
			runOnlyForDeploymentPostprocessing = 0;
		};
/* End PBXSourcesBuildPhase section */

/* Begin PBXVariantGroup section */
		CE2684C915CBC6DD0030D17A /* InfoPlist.strings */ = {
			isa = PBXVariantGroup;
			children = (
				CE2684CA15CBC6DD0030D17A /* en */,
			);
			name = InfoPlist.strings;
			sourceTree = "<group>";
		};
/* End PBXVariantGroup section */

/* Begin XCBuildConfiguration section */
		CE2684D815CBC6DE0030D17A /* Debug */ = {
			isa = XCBuildConfiguration;
			buildSettings = {
				ALWAYS_SEARCH_USER_PATHS = NO;
				ARCHS = "$(ARCHS_STANDARD_32_BIT)";
				"CODE_SIGN_IDENTITY[sdk=iphoneos*]" = "iPhone Developer";
				COPY_PHASE_STRIP = NO;
				GCC_C_LANGUAGE_STANDARD = gnu99;
				GCC_DYNAMIC_NO_PIC = NO;
				GCC_OPTIMIZATION_LEVEL = 0;
				GCC_PREPROCESSOR_DEFINITIONS = (
					"DEBUG=1",
					"$(inherited)",
				);
				GCC_SYMBOLS_PRIVATE_EXTERN = NO;
				GCC_VERSION = com.apple.compilers.llvm.clang.1_0;
				GCC_WARN_ABOUT_RETURN_TYPE = YES;
				GCC_WARN_UNINITIALIZED_AUTOS = YES;
				GCC_WARN_UNUSED_VARIABLE = YES;
				IPHONEOS_DEPLOYMENT_TARGET = 4.3;
				SDKROOT = iphoneos;
			};
			name = Debug;
		};
		CE2684D915CBC6DE0030D17A /* Release */ = {
			isa = XCBuildConfiguration;
			buildSettings = {
				ALWAYS_SEARCH_USER_PATHS = NO;
				ARCHS = "$(ARCHS_STANDARD_32_BIT)";
				"CODE_SIGN_IDENTITY[sdk=iphoneos*]" = "iPhone Developer";
				COPY_PHASE_STRIP = YES;
				GCC_C_LANGUAGE_STANDARD = gnu99;
				GCC_VERSION = com.apple.compilers.llvm.clang.1_0;
				GCC_WARN_ABOUT_RETURN_TYPE = YES;
				GCC_WARN_UNINITIALIZED_AUTOS = YES;
				GCC_WARN_UNUSED_VARIABLE = YES;
				IPHONEOS_DEPLOYMENT_TARGET = 4.3;
				OTHER_CFLAGS = "-DNS_BLOCK_ASSERTIONS=1";
				SDKROOT = iphoneos;
				VALIDATE_PRODUCT = YES;
			};
			name = Release;
		};
		CE2684DB15CBC6DE0030D17A /* Debug */ = {
			isa = XCBuildConfiguration;
			buildSettings = {
				CODE_SIGN_IDENTITY = "";
				"CODE_SIGN_IDENTITY[sdk=iphoneos*]" = "";
				GCC_PRECOMPILE_PREFIX_HEADER = YES;
				GCC_PREFIX_HEADER = "SKPlanetTest/SKPlanetTest-Prefix.pch";
				HEADER_SEARCH_PATHS = (
					"$SRCROOT/../planetx-oauth-ios-sdk/SKPOP_SDK_OAUTH/OAuth_Class",
					"$SRCROOT/../planetx-openapi-ios-sdk/SKPOP_SDK/SDK_Class",
				);
				INFOPLIST_FILE = "SKPlanetTest/SKPlanetTest-Info.plist";
				OTHER_LDFLAGS = "-ObjC";
				PRODUCT_NAME = "$(TARGET_NAME)";
				WRAPPER_EXTENSION = app;
			};
			name = Debug;
		};
		CE2684DC15CBC6DE0030D17A /* Release */ = {
			isa = XCBuildConfiguration;
			buildSettings = {
				CODE_SIGN_IDENTITY = "";
				"CODE_SIGN_IDENTITY[sdk=iphoneos*]" = "";
				GCC_PRECOMPILE_PREFIX_HEADER = YES;
				GCC_PREFIX_HEADER = "SKPlanetTest/SKPlanetTest-Prefix.pch";
				HEADER_SEARCH_PATHS = (
					"$SRCROOT/../planetx-oauth-ios-sdk/SKPOP_SDK_OAUTH/OAuth_Class",
					"$SRCROOT/../planetx-openapi-ios-sdk/SKPOP_SDK/SDK_Class",
				);
				INFOPLIST_FILE = "SKPlanetTest/SKPlanetTest-Info.plist";
				OTHER_LDFLAGS = "-ObjC";
				PRODUCT_NAME = "$(TARGET_NAME)";
				WRAPPER_EXTENSION = app;
			};
			name = Release;
		};
/* End XCBuildConfiguration section */

/* Begin XCConfigurationList section */
		CE2684B615CBC6DD0030D17A /* Build configuration list for PBXProject "SKPlanetTest" */ = {
			isa = XCConfigurationList;
			buildConfigurations = (
				CE2684D815CBC6DE0030D17A /* Debug */,
				CE2684D915CBC6DE0030D17A /* Release */,
			);
			defaultConfigurationIsVisible = 0;
			defaultConfigurationName = Release;
		};
		CE2684DA15CBC6DE0030D17A /* Build configuration list for PBXNativeTarget "SKPlanetTest" */ = {
			isa = XCConfigurationList;
			buildConfigurations = (
				CE2684DB15CBC6DE0030D17A /* Debug */,
				CE2684DC15CBC6DE0030D17A /* Release */,
			);
			defaultConfigurationIsVisible = 0;
			defaultConfigurationName = Release;
		};
/* End XCConfigurationList section */
	};
	rootObject = CE2684B315CBC6DD0030D17A /* Project object */;
}
